Microsoft Visual Studio Solution File, Format Version 12.00
# Visual Studio 15
VisualStudioVersion = 15.0.27428.2011
MinimumVisualStudioVersion = 10.0.40219.1
Project("{9A19103F-16F7-4668-BE54-9A1E7A4F7556}") = "background", "background\background.csproj", "{D8E8A153-D6C8-40CD-AB9F-1F796C903EDD}"
EndProject
Project("{2150E333-8FDC-42A3-9474-1A3956D46DE8}") = "Senparc.Weixin", "Senparc.Weixin", "{C6D6D87F-FD0A-437A-85FB-7B2700032D72}"
EndProject
Project("{2150E333-8FDC-42A3-9474-1A3956D46DE8}") = "Test", "Test", "{F7054FF1-C406-4D5E-92BB-B205071309F2}"
EndProject
Project("{2150E333-8FDC-42A3-9474-1A3956D46DE8}") = "SOAP", "SOAP", "{C8239D3C-E27F-47B7-8067-0AC452E2F2F0}"
EndProject
Project("{9A19103F-16F7-4668-BE54-9A1E7A4F7556}") = "CustomMiddleware", "Libraries\SOAP\CustomMiddleware\CustomMiddleware.csproj", "{9BC605A3-3EF0-4A3D-A491-D7EA9CDB447C}"
EndProject
Project("{9A19103F-16F7-4668-BE54-9A1E7A4F7556}") = "SOAPService3", "Libraries\SOAP\SOAPService3\SOAPService3.csproj", "{0D960B09-E841-4557-B88A-8E260969D34C}"
EndProject
Project("{FAE04EC0-301F-11D3-BF4B-00C04F79EFBC}") = "Senparc.Weixin", "Libraries\Senparc\Senparc.Weixin\Senparc.Weixin\Senparc.Weixin.csproj", "{814092CD-9CD0-4FB7-91E8-D147F476F1FB}"
EndProject
Project("{FAE04EC0-301F-11D3-BF4B-00C04F79EFBC}") = "Senparc.Weixin.MP", "Libraries\Senparc\Senparc.Weixin.MP\Senparc.Weixin.MP\Senparc.Weixin.MP.csproj", "{1D815FBF-451C-4E23-939C-CB80172F445C}"
EndProject
Project("{FAE04EC0-301F-11D3-BF4B-00C04F79EFBC}") = "Senparc.Weixin.MP.Test", "Libraries\Senparc\Senparc.Weixin.MP\Senparc.Weixin.MP.Test\Senparc.Weixin.MP.Test.csproj", "{6313DC35-40AB-4B24-81BB-2F742E2E915E}"
EndProject
Project("{FAE04EC0-301F-11D3-BF4B-00C04F79EFBC}") = "Senparc.WeixinTests", "Libraries\Senparc\Senparc.Weixin.MP\Senparc.WeixinTests\Senparc.WeixinTests.csproj", "{232A67F2-CD89-4A20-8DA9-DAED76412B33}"
EndProject
Project("{FAE04EC0-301F-11D3-BF4B-00C04F79EFBC}") = "Senparc.Weixin.Open", "Libraries\Senparc\Senparc.Weixin.Open\Senparc.Weixin.Open\Senparc.Weixin.Open.csproj", "{54732C3D-B673-4BBF-B0C3-6432E3D6F522}"
EndProject
Project("{FAE04EC0-301F-11D3-BF4B-00C04F79EFBC}") = "Senparc.Weixin.Open.Test", "Libraries\Senparc\Senparc.Weixin.Open\Senparc.Weixin.Open.Test\Senparc.Weixin.Open.Test.csproj", "{5AC215B9-85A1-42D6-A44E-1E1FC6BC7488}"
EndProject
Project("{9A19103F-16F7-4668-BE54-9A1E7A4F7556}") = "SOAPClient2", "Libraries\SOAP\SOAPClient2\SOAPClient2.csproj", "{F4948874-753F-41E0-BBD0-1AEEDEAA2A23}"
EndProject
Project("{9A19103F-16F7-4668-BE54-9A1E7A4F7556}") = "Simple", "Simple\Simple.csproj", "{9AD46278-6691-4F6D-B16C-61ACD4072980}"
EndProject
Project("{2150E333-8FDC-42A3-9474-1A3956D46DE8}") = "EasyCaching", "EasyCaching", "{AE2F5010-C47D-4A49-AC9F-FE44FFCA7E39}"
EndProject
Project("{9A19103F-16F7-4668-BE54-9A1E7A4F7556}") = "EasyCaching.InMemory", "Libraries\EasyCaching\EasyCaching.InMemory\EasyCaching.InMemory.csproj", "{794ABBBE-4E30-4AFA-AA37-0D6CEF2482BD}"
EndProject
Project("{9A19103F-16F7-4668-BE54-9A1E7A4F7556}") = "EasyCaching.Core", "Libraries\EasyCaching\EasyCaching.Core\EasyCaching.Core.csproj", "{6462172C-C2F7-4339-A625-21A720F37062}"
EndProject
Project("{2150E333-8FDC-42A3-9474-1A3956D46DE8}") = "DotnetSpider", "DotnetSpider", "{AD1372E6-997C-4DA6-9966-788802FA90DB}"
EndProject
Project("{FAE04EC0-301F-11D3-BF4B-00C04F79EFBC}") = "DotnetSpider.Core", "Libraries\DotnetSpider\DotnetSpider.Core\DotnetSpider.Core.csproj", "{38132C17-BAA5-42B3-9CA2-FF67C1E91D6C}"
EndProject
Project("{FAE04EC0-301F-11D3-BF4B-00C04F79EFBC}") = "DotnetSpider.HtmlAgilityPack", "Libraries\DotnetSpider\DotnetSpider.HtmlAgilityPack\DotnetSpider.HtmlAgilityPack.csproj", "{29407A3D-95C0-4AAF-AFD3-FCDAD0FCE74A}"
EndProject
Project("{FAE04EC0-301F-11D3-BF4B-00C04F79EFBC}") = "DotnetSpider.Extension", "Libraries\DotnetSpider\DotnetSpider.Extension\DotnetSpider.Extension.csproj", "{8684F320-5B96-4392-9D81-F8EDAB1567B6}"
EndProject
Global
	GlobalSection(SolutionConfigurationPlatforms) = preSolution
		Debug|Any CPU = Debug|Any CPU
		Debug|x64 = Debug|x64
		Debug|x86 = Debug|x86
		Release|Any CPU = Release|Any CPU
		Release|x64 = Release|x64
		Release|x86 = Release|x86
		Test|Any CPU = Test|Any CPU
		Test|x64 = Test|x64
		Test|x86 = Test|x86
	EndGlobalSection
	GlobalSection(ProjectConfigurationPlatforms) = postSolution
		{D8E8A153-D6C8-40CD-AB9F-1F796C903EDD}.Debug|Any CPU.ActiveCfg = Debug|Any CPU
		{D8E8A153-D6C8-40CD-AB9F-1F796C903EDD}.Debug|Any CPU.Build.0 = Debug|Any CPU
		{D8E8A153-D6C8-40CD-AB9F-1F796C903EDD}.Debug|x64.ActiveCfg = Debug|Any CPU
		{D8E8A153-D6C8-40CD-AB9F-1F796C903EDD}.Debug|x64.Build.0 = Debug|Any CPU
		{D8E8A153-D6C8-40CD-AB9F-1F796C903EDD}.Debug|x86.ActiveCfg = Debug|Any CPU
		{D8E8A153-D6C8-40CD-AB9F-1F796C903EDD}.Debug|x86.Build.0 = Debug|Any CPU
		{D8E8A153-D6C8-40CD-AB9F-1F796C903EDD}.Release|Any CPU.ActiveCfg = Release|Any CPU
		{D8E8A153-D6C8-40CD-AB9F-1F796C903EDD}.Release|Any CPU.Build.0 = Release|Any CPU
		{D8E8A153-D6C8-40CD-AB9F-1F796C903EDD}.Release|x64.ActiveCfg = Release|Any CPU
		{D8E8A153-D6C8-40CD-AB9F-1F796C903EDD}.Release|x64.Build.0 = Release|Any CPU
		{D8E8A153-D6C8-40CD-AB9F-1F796C903EDD}.Release|x86.ActiveCfg = Release|Any CPU
		{D8E8A153-D6C8-40CD-AB9F-1F796C903EDD}.Release|x86.Build.0 = Release|Any CPU
		{D8E8A153-D6C8-40CD-AB9F-1F796C903EDD}.Test|Any CPU.ActiveCfg = Release|Any CPU
		{D8E8A153-D6C8-40CD-AB9F-1F796C903EDD}.Test|Any CPU.Build.0 = Release|Any CPU
		{D8E8A153-D6C8-40CD-AB9F-1F796C903EDD}.Test|x64.ActiveCfg = Release|Any CPU
		{D8E8A153-D6C8-40CD-AB9F-1F796C903EDD}.Test|x64.Build.0 = Release|Any CPU
		{D8E8A153-D6C8-40CD-AB9F-1F796C903EDD}.Test|x86.ActiveCfg = Release|Any CPU
		{D8E8A153-D6C8-40CD-AB9F-1F796C903EDD}.Test|x86.Build.0 = Release|Any CPU
		{9BC605A3-3EF0-4A3D-A491-D7EA9CDB447C}.Debug|Any CPU.ActiveCfg = Debug|Any CPU
		{9BC605A3-3EF0-4A3D-A491-D7EA9CDB447C}.Debug|Any CPU.Build.0 = Debug|Any CPU
		{9BC605A3-3EF0-4A3D-A491-D7EA9CDB447C}.Debug|x64.ActiveCfg = Debug|Any CPU
		{9BC605A3-3EF0-4A3D-A491-D7EA9CDB447C}.Debug|x64.Build.0 = Debug|Any CPU
		{9BC605A3-3EF0-4A3D-A491-D7EA9CDB447C}.Debug|x86.ActiveCfg = Debug|Any CPU
		{9BC605A3-3EF0-4A3D-A491-D7EA9CDB447C}.Debug|x86.Build.0 = Debug|Any CPU
		{9BC605A3-3EF0-4A3D-A491-D7EA9CDB447C}.Release|Any CPU.ActiveCfg = Release|Any CPU
		{9BC605A3-3EF0-4A3D-A491-D7EA9CDB447C}.Release|Any CPU.Build.0 = Release|Any CPU
		{9BC605A3-3EF0-4A3D-A491-D7EA9CDB447C}.Release|x64.ActiveCfg = Release|Any CPU
		{9BC605A3-3EF0-4A3D-A491-D7EA9CDB447C}.Release|x64.Build.0 = Release|Any CPU
		{9BC605A3-3EF0-4A3D-A491-D7EA9CDB447C}.Release|x86.ActiveCfg = Release|Any CPU
		{9BC605A3-3EF0-4A3D-A491-D7EA9CDB447C}.Release|x86.Build.0 = Release|Any CPU
		{9BC605A3-3EF0-4A3D-A491-D7EA9CDB447C}.Test|Any CPU.ActiveCfg = Debug|Any CPU
		{9BC605A3-3EF0-4A3D-A491-D7EA9CDB447C}.Test|Any CPU.Build.0 = Debug|Any CPU
		{9BC605A3-3EF0-4A3D-A491-D7EA9CDB447C}.Test|x64.ActiveCfg = Debug|Any CPU
		{9BC605A3-3EF0-4A3D-A491-D7EA9CDB447C}.Test|x64.Build.0 = Debug|Any CPU
		{9BC605A3-3EF0-4A3D-A491-D7EA9CDB447C}.Test|x86.ActiveCfg = Debug|Any CPU
		{9BC605A3-3EF0-4A3D-A491-D7EA9CDB447C}.Test|x86.Build.0 = Debug|Any CPU
		{0D960B09-E841-4557-B88A-8E260969D34C}.Debug|Any CPU.ActiveCfg = Debug|Any CPU
		{0D960B09-E841-4557-B88A-8E260969D34C}.Debug|Any CPU.Build.0 = Debug|Any CPU
		{0D960B09-E841-4557-B88A-8E260969D34C}.Debug|x64.ActiveCfg = Debug|Any CPU
		{0D960B09-E841-4557-B88A-8E260969D34C}.Debug|x64.Build.0 = Debug|Any CPU
		{0D960B09-E841-4557-B88A-8E260969D34C}.Debug|x86.ActiveCfg = Debug|Any CPU
		{0D960B09-E841-4557-B88A-8E260969D34C}.Debug|x86.Build.0 = Debug|Any CPU
		{0D960B09-E841-4557-B88A-8E260969D34C}.Release|Any CPU.ActiveCfg = Release|Any CPU
		{0D960B09-E841-4557-B88A-8E260969D34C}.Release|Any CPU.Build.0 = Release|Any CPU
		{0D960B09-E841-4557-B88A-8E260969D34C}.Release|x64.ActiveCfg = Release|Any CPU
		{0D960B09-E841-4557-B88A-8E260969D34C}.Release|x64.Build.0 = Release|Any CPU
		{0D960B09-E841-4557-B88A-8E260969D34C}.Release|x86.ActiveCfg = Release|Any CPU
		{0D960B09-E841-4557-B88A-8E260969D34C}.Release|x86.Build.0 = Release|Any CPU
		{0D960B09-E841-4557-B88A-8E260969D34C}.Test|Any CPU.ActiveCfg = Debug|Any CPU
		{0D960B09-E841-4557-B88A-8E260969D34C}.Test|Any CPU.Build.0 = Debug|Any CPU
		{0D960B09-E841-4557-B88A-8E260969D34C}.Test|x64.ActiveCfg = Debug|Any CPU
		{0D960B09-E841-4557-B88A-8E260969D34C}.Test|x64.Build.0 = Debug|Any CPU
		{0D960B09-E841-4557-B88A-8E260969D34C}.Test|x86.ActiveCfg = Debug|Any CPU
		{0D960B09-E841-4557-B88A-8E260969D34C}.Test|x86.Build.0 = Debug|Any CPU
		{814092CD-9CD0-4FB7-91E8-D147F476F1FB}.Debug|Any CPU.ActiveCfg = Debug|Any CPU
		{814092CD-9CD0-4FB7-91E8-D147F476F1FB}.Debug|Any CPU.Build.0 = Debug|Any CPU
		{814092CD-9CD0-4FB7-91E8-D147F476F1FB}.Debug|x64.ActiveCfg = Debug|x64
		{814092CD-9CD0-4FB7-91E8-D147F476F1FB}.Debug|x64.Build.0 = Debug|x64
		{814092CD-9CD0-4FB7-91E8-D147F476F1FB}.Debug|x86.ActiveCfg = Debug|x86
		{814092CD-9CD0-4FB7-91E8-D147F476F1FB}.Debug|x86.Build.0 = Debug|x86
		{814092CD-9CD0-4FB7-91E8-D147F476F1FB}.Release|Any CPU.ActiveCfg = Release|Any CPU
		{814092CD-9CD0-4FB7-91E8-D147F476F1FB}.Release|Any CPU.Build.0 = Release|Any CPU
		{814092CD-9CD0-4FB7-91E8-D147F476F1FB}.Release|x64.ActiveCfg = Release|x64
		{814092CD-9CD0-4FB7-91E8-D147F476F1FB}.Release|x64.Build.0 = Release|x64
		{814092CD-9CD0-4FB7-91E8-D147F476F1FB}.Release|x86.ActiveCfg = Release|x86
		{814092CD-9CD0-4FB7-91E8-D147F476F1FB}.Release|x86.Build.0 = Release|x86
		{814092CD-9CD0-4FB7-91E8-D147F476F1FB}.Test|Any CPU.ActiveCfg = Test|Any CPU
		{814092CD-9CD0-4FB7-91E8-D147F476F1FB}.Test|Any CPU.Build.0 = Test|Any CPU
		{814092CD-9CD0-4FB7-91E8-D147F476F1FB}.Test|x64.ActiveCfg = Test|x64
		{814092CD-9CD0-4FB7-91E8-D147F476F1FB}.Test|x64.Build.0 = Test|x64
		{814092CD-9CD0-4FB7-91E8-D147F476F1FB}.Test|x86.ActiveCfg = Test|x86
		{814092CD-9CD0-4FB7-91E8-D147F476F1FB}.Test|x86.Build.0 = Test|x86
		{1D815FBF-451C-4E23-939C-CB80172F445C}.Debug|Any CPU.ActiveCfg = Debug|Any CPU
		{1D815FBF-451C-4E23-939C-CB80172F445C}.Debug|Any CPU.Build.0 = Debug|Any CPU
		{1D815FBF-451C-4E23-939C-CB80172F445C}.Debug|x64.ActiveCfg = Debug|x64
		{1D815FBF-451C-4E23-939C-CB80172F445C}.Debug|x64.Build.0 = Debug|x64
		{1D815FBF-451C-4E23-939C-CB80172F445C}.Debug|x86.ActiveCfg = Debug|x86
		{1D815FBF-451C-4E23-939C-CB80172F445C}.Debug|x86.Build.0 = Debug|x86
		{1D815FBF-451C-4E23-939C-CB80172F445C}.Release|Any CPU.ActiveCfg = Release|Any CPU
		{1D815FBF-451C-4E23-939C-CB80172F445C}.Release|Any CPU.Build.0 = Release|Any CPU
		{1D815FBF-451C-4E23-939C-CB80172F445C}.Release|x64.ActiveCfg = Release|x64
		{1D815FBF-451C-4E23-939C-CB80172F445C}.Release|x64.Build.0 = Release|x64
		{1D815FBF-451C-4E23-939C-CB80172F445C}.Release|x86.ActiveCfg = Release|x86
		{1D815FBF-451C-4E23-939C-CB80172F445C}.Release|x86.Build.0 = Release|x86
		{1D815FBF-451C-4E23-939C-CB80172F445C}.Test|Any CPU.ActiveCfg = Test|Any CPU
		{1D815FBF-451C-4E23-939C-CB80172F445C}.Test|Any CPU.Build.0 = Test|Any CPU
		{1D815FBF-451C-4E23-939C-CB80172F445C}.Test|x64.ActiveCfg = Test|x64
		{1D815FBF-451C-4E23-939C-CB80172F445C}.Test|x64.Build.0 = Test|x64
		{1D815FBF-451C-4E23-939C-CB80172F445C}.Test|x86.ActiveCfg = Test|x86
		{1D815FBF-451C-4E23-939C-CB80172F445C}.Test|x86.Build.0 = Test|x86
		{6313DC35-40AB-4B24-81BB-2F742E2E915E}.Debug|Any CPU.ActiveCfg = Debug|Any CPU
		{6313DC35-40AB-4B24-81BB-2F742E2E915E}.Debug|Any CPU.Build.0 = Debug|Any CPU
		{6313DC35-40AB-4B24-81BB-2F742E2E915E}.Debug|x64.ActiveCfg = Debug|Any CPU
		{6313DC35-40AB-4B24-81BB-2F742E2E915E}.Debug|x64.Build.0 = Debug|Any CPU
		{6313DC35-40AB-4B24-81BB-2F742E2E915E}.Debug|x86.ActiveCfg = Debug|x86
		{6313DC35-40AB-4B24-81BB-2F742E2E915E}.Debug|x86.Build.0 = Debug|x86
		{6313DC35-40AB-4B24-81BB-2F742E2E915E}.Release|Any CPU.ActiveCfg = Release|Any CPU
		{6313DC35-40AB-4B24-81BB-2F742E2E915E}.Release|Any CPU.Build.0 = Release|Any CPU
		{6313DC35-40AB-4B24-81BB-2F742E2E915E}.Release|x64.ActiveCfg = Release|Any CPU
		{6313DC35-40AB-4B24-81BB-2F742E2E915E}.Release|x64.Build.0 = Release|Any CPU
		{6313DC35-40AB-4B24-81BB-2F742E2E915E}.Release|x86.ActiveCfg = Release|x86
		{6313DC35-40AB-4B24-81BB-2F742E2E915E}.Release|x86.Build.0 = Release|x86
		{6313DC35-40AB-4B24-81BB-2F742E2E915E}.Test|Any CPU.ActiveCfg = Release|Any CPU
		{6313DC35-40AB-4B24-81BB-2F742E2E915E}.Test|Any CPU.Build.0 = Release|Any CPU
		{6313DC35-40AB-4B24-81BB-2F742E2E915E}.Test|x64.ActiveCfg = Release|Any CPU
		{6313DC35-40AB-4B24-81BB-2F742E2E915E}.Test|x64.Build.0 = Release|Any CPU
		{6313DC35-40AB-4B24-81BB-2F742E2E915E}.Test|x86.ActiveCfg = Release|x86
		{6313DC35-40AB-4B24-81BB-2F742E2E915E}.Test|x86.Build.0 = Release|x86
		{232A67F2-CD89-4A20-8DA9-DAED76412B33}.Debug|Any CPU.ActiveCfg = Debug|Any CPU
		{232A67F2-CD89-4A20-8DA9-DAED76412B33}.Debug|Any CPU.Build.0 = Debug|Any CPU
		{232A67F2-CD89-4A20-8DA9-DAED76412B33}.Debug|x64.ActiveCfg = Debug|Any CPU
		{232A67F2-CD89-4A20-8DA9-DAED76412B33}.Debug|x64.Build.0 = Debug|Any CPU
		{232A67F2-CD89-4A20-8DA9-DAED76412B33}.Debug|x86.ActiveCfg = Debug|x86
		{232A67F2-CD89-4A20-8DA9-DAED76412B33}.Debug|x86.Build.0 = Debug|x86
		{232A67F2-CD89-4A20-8DA9-DAED76412B33}.Release|Any CPU.ActiveCfg = Release|Any CPU
		{232A67F2-CD89-4A20-8DA9-DAED76412B33}.Release|Any CPU.Build.0 = Release|Any CPU
		{232A67F2-CD89-4A20-8DA9-DAED76412B33}.Release|x64.ActiveCfg = Release|Any CPU
		{232A67F2-CD89-4A20-8DA9-DAED76412B33}.Release|x64.Build.0 = Release|Any CPU
		{232A67F2-CD89-4A20-8DA9-DAED76412B33}.Release|x86.ActiveCfg = Release|x86
		{232A67F2-CD89-4A20-8DA9-DAED76412B33}.Release|x86.Build.0 = Release|x86
		{232A67F2-CD89-4A20-8DA9-DAED76412B33}.Test|Any CPU.ActiveCfg = Release|Any CPU
		{232A67F2-CD89-4A20-8DA9-DAED76412B33}.Test|Any CPU.Build.0 = Release|Any CPU
		{232A67F2-CD89-4A20-8DA9-DAED76412B33}.Test|x64.ActiveCfg = Release|Any CPU
		{232A67F2-CD89-4A20-8DA9-DAED76412B33}.Test|x64.Build.0 = Release|Any CPU
		{232A67F2-CD89-4A20-8DA9-DAED76412B33}.Test|x86.ActiveCfg = Release|x86
		{232A67F2-CD89-4A20-8DA9-DAED76412B33}.Test|x86.Build.0 = Release|x86
		{54732C3D-B673-4BBF-B0C3-6432E3D6F522}.Debug|Any CPU.ActiveCfg = Debug|Any CPU
		{54732C3D-B673-4BBF-B0C3-6432E3D6F522}.Debug|Any CPU.Build.0 = Debug|Any CPU
		{54732C3D-B673-4BBF-B0C3-6432E3D6F522}.Debug|x64.ActiveCfg = Debug|x64
		{54732C3D-B673-4BBF-B0C3-6432E3D6F522}.Debug|x64.Build.0 = Debug|x64
		{54732C3D-B673-4BBF-B0C3-6432E3D6F522}.Debug|x86.ActiveCfg = Debug|x86
		{54732C3D-B673-4BBF-B0C3-6432E3D6F522}.Debug|x86.Build.0 = Debug|x86
		{54732C3D-B673-4BBF-B0C3-6432E3D6F522}.Release|Any CPU.ActiveCfg = Release|Any CPU
		{54732C3D-B673-4BBF-B0C3-6432E3D6F522}.Release|Any CPU.Build.0 = Release|Any CPU
		{54732C3D-B673-4BBF-B0C3-6432E3D6F522}.Release|x64.ActiveCfg = Release|x64
		{54732C3D-B673-4BBF-B0C3-6432E3D6F522}.Release|x64.Build.0 = Release|x64
		{54732C3D-B673-4BBF-B0C3-6432E3D6F522}.Release|x86.ActiveCfg = Release|x86
		{54732C3D-B673-4BBF-B0C3-6432E3D6F522}.Release|x86.Build.0 = Release|x86
		{54732C3D-B673-4BBF-B0C3-6432E3D6F522}.Test|Any CPU.ActiveCfg = Release|Any CPU
		{54732C3D-B673-4BBF-B0C3-6432E3D6F522}.Test|Any CPU.Build.0 = Release|Any CPU
		{54732C3D-B673-4BBF-B0C3-6432E3D6F522}.Test|x64.ActiveCfg = Release|x64
		{54732C3D-B673-4BBF-B0C3-6432E3D6F522}.Test|x64.Build.0 = Release|x64
		{54732C3D-B673-4BBF-B0C3-6432E3D6F522}.Test|x86.ActiveCfg = Release|x86
		{54732C3D-B673-4BBF-B0C3-6432E3D6F522}.Test|x86.Build.0 = Release|x86
		{5AC215B9-85A1-42D6-A44E-1E1FC6BC7488}.Debug|Any CPU.ActiveCfg = Debug|Any CPU
		{5AC215B9-85A1-42D6-A44E-1E1FC6BC7488}.Debug|Any CPU.Build.0 = Debug|Any CPU
		{5AC215B9-85A1-42D6-A44E-1E1FC6BC7488}.Debug|x64.ActiveCfg = Debug|Any CPU
		{5AC215B9-85A1-42D6-A44E-1E1FC6BC7488}.Debug|x64.Build.0 = Debug|Any CPU
		{5AC215B9-85A1-42D6-A44E-1E1FC6BC7488}.Debug|x86.ActiveCfg = Debug|Any CPU
		{5AC215B9-85A1-42D6-A44E-1E1FC6BC7488}.Debug|x86.Build.0 = Debug|Any CPU
		{5AC215B9-85A1-42D6-A44E-1E1FC6BC7488}.Release|Any CPU.ActiveCfg = Release|Any CPU
		{5AC215B9-85A1-42D6-A44E-1E1FC6BC7488}.Release|Any CPU.Build.0 = Release|Any CPU
		{5AC215B9-85A1-42D6-A44E-1E1FC6BC7488}.Release|x64.ActiveCfg = Release|Any CPU
		{5AC215B9-85A1-42D6-A44E-1E1FC6BC7488}.Release|x64.Build.0 = Release|Any CPU
		{5AC215B9-85A1-42D6-A44E-1E1FC6BC7488}.Release|x86.ActiveCfg = Release|Any CPU
		{5AC215B9-85A1-42D6-A44E-1E1FC6BC7488}.Release|x86.Build.0 = Release|Any CPU
		{5AC215B9-85A1-42D6-A44E-1E1FC6BC7488}.Test|Any CPU.ActiveCfg = Release|Any CPU
		{5AC215B9-85A1-42D6-A44E-1E1FC6BC7488}.Test|Any CPU.Build.0 = Release|Any CPU
		{5AC215B9-85A1-42D6-A44E-1E1FC6BC7488}.Test|x64.ActiveCfg = Release|Any CPU
		{5AC215B9-85A1-42D6-A44E-1E1FC6BC7488}.Test|x64.Build.0 = Release|Any CPU
		{5AC215B9-85A1-42D6-A44E-1E1FC6BC7488}.Test|x86.ActiveCfg = Release|Any CPU
		{5AC215B9-85A1-42D6-A44E-1E1FC6BC7488}.Test|x86.Build.0 = Release|Any CPU
		{F4948874-753F-41E0-BBD0-1AEEDEAA2A23}.Debug|Any CPU.ActiveCfg = Debug|Any CPU
		{F4948874-753F-41E0-BBD0-1AEEDEAA2A23}.Debug|Any CPU.Build.0 = Debug|Any CPU
		{F4948874-753F-41E0-BBD0-1AEEDEAA2A23}.Debug|x64.ActiveCfg = Debug|Any CPU
		{F4948874-753F-41E0-BBD0-1AEEDEAA2A23}.Debug|x64.Build.0 = Debug|Any CPU
		{F4948874-753F-41E0-BBD0-1AEEDEAA2A23}.Debug|x86.ActiveCfg = Debug|Any CPU
		{F4948874-753F-41E0-BBD0-1AEEDEAA2A23}.Debug|x86.Build.0 = Debug|Any CPU
		{F4948874-753F-41E0-BBD0-1AEEDEAA2A23}.Release|Any CPU.ActiveCfg = Release|Any CPU
		{F4948874-753F-41E0-BBD0-1AEEDEAA2A23}.Release|Any CPU.Build.0 = Release|Any CPU
		{F4948874-753F-41E0-BBD0-1AEEDEAA2A23}.Release|x64.ActiveCfg = Release|Any CPU
		{F4948874-753F-41E0-BBD0-1AEEDEAA2A23}.Release|x64.Build.0 = Release|Any CPU
		{F4948874-753F-41E0-BBD0-1AEEDEAA2A23}.Release|x86.ActiveCfg = Release|Any CPU
		{F4948874-753F-41E0-BBD0-1AEEDEAA2A23}.Release|x86.Build.0 = Release|Any CPU
		{F4948874-753F-41E0-BBD0-1AEEDEAA2A23}.Test|Any CPU.ActiveCfg = Debug|Any CPU
		{F4948874-753F-41E0-BBD0-1AEEDEAA2A23}.Test|Any CPU.Build.0 = Debug|Any CPU
		{F4948874-753F-41E0-BBD0-1AEEDEAA2A23}.Test|x64.ActiveCfg = Debug|Any CPU
		{F4948874-753F-41E0-BBD0-1AEEDEAA2A23}.Test|x64.Build.0 = Debug|Any CPU
		{F4948874-753F-41E0-BBD0-1AEEDEAA2A23}.Test|x86.ActiveCfg = Debug|Any CPU
		{F4948874-753F-41E0-BBD0-1AEEDEAA2A23}.Test|x86.Build.0 = Debug|Any CPU
		{9AD46278-6691-4F6D-B16C-61ACD4072980}.Debug|Any CPU.ActiveCfg = Debug|Any CPU
		{9AD46278-6691-4F6D-B16C-61ACD4072980}.Debug|Any CPU.Build.0 = Debug|Any CPU
		{9AD46278-6691-4F6D-B16C-61ACD4072980}.Debug|x64.ActiveCfg = Debug|Any CPU
		{9AD46278-6691-4F6D-B16C-61ACD4072980}.Debug|x64.Build.0 = Debug|Any CPU
		{9AD46278-6691-4F6D-B16C-61ACD4072980}.Debug|x86.ActiveCfg = Debug|Any CPU
		{9AD46278-6691-4F6D-B16C-61ACD4072980}.Debug|x86.Build.0 = Debug|Any CPU
		{9AD46278-6691-4F6D-B16C-61ACD4072980}.Release|Any CPU.ActiveCfg = Release|Any CPU
		{9AD46278-6691-4F6D-B16C-61ACD4072980}.Release|Any CPU.Build.0 = Release|Any CPU
		{9AD46278-6691-4F6D-B16C-61ACD4072980}.Release|x64.ActiveCfg = Release|Any CPU
		{9AD46278-6691-4F6D-B16C-61ACD4072980}.Release|x64.Build.0 = Release|Any CPU
		{9AD46278-6691-4F6D-B16C-61ACD4072980}.Release|x86.ActiveCfg = Release|Any CPU
		{9AD46278-6691-4F6D-B16C-61ACD4072980}.Release|x86.Build.0 = Release|Any CPU
		{9AD46278-6691-4F6D-B16C-61ACD4072980}.Test|Any CPU.ActiveCfg = Debug|Any CPU
		{9AD46278-6691-4F6D-B16C-61ACD4072980}.Test|Any CPU.Build.0 = Debug|Any CPU
		{9AD46278-6691-4F6D-B16C-61ACD4072980}.Test|x64.ActiveCfg = Debug|Any CPU
		{9AD46278-6691-4F6D-B16C-61ACD4072980}.Test|x64.Build.0 = Debug|Any CPU
		{9AD46278-6691-4F6D-B16C-61ACD4072980}.Test|x86.ActiveCfg = Debug|Any CPU
		{9AD46278-6691-4F6D-B16C-61ACD4072980}.Test|x86.Build.0 = Debug|Any CPU
		{794ABBBE-4E30-4AFA-AA37-0D6CEF2482BD}.Debug|Any CPU.ActiveCfg = Debug|Any CPU
		{794ABBBE-4E30-4AFA-AA37-0D6CEF2482BD}.Debug|Any CPU.Build.0 = Debug|Any CPU
		{794ABBBE-4E30-4AFA-AA37-0D6CEF2482BD}.Debug|x64.ActiveCfg = Debug|Any CPU
		{794ABBBE-4E30-4AFA-AA37-0D6CEF2482BD}.Debug|x64.Build.0 = Debug|Any CPU
		{794ABBBE-4E30-4AFA-AA37-0D6CEF2482BD}.Debug|x86.ActiveCfg = Debug|Any CPU
		{794ABBBE-4E30-4AFA-AA37-0D6CEF2482BD}.Debug|x86.Build.0 = Debug|Any CPU
		{794ABBBE-4E30-4AFA-AA37-0D6CEF2482BD}.Release|Any CPU.ActiveCfg = Release|Any CPU
		{794ABBBE-4E30-4AFA-AA37-0D6CEF2482BD}.Release|Any CPU.Build.0 = Release|Any CPU
		{794ABBBE-4E30-4AFA-AA37-0D6CEF2482BD}.Release|x64.ActiveCfg = Release|Any CPU
		{794ABBBE-4E30-4AFA-AA37-0D6CEF2482BD}.Release|x64.Build.0 = Release|Any CPU
		{794ABBBE-4E30-4AFA-AA37-0D6CEF2482BD}.Release|x86.ActiveCfg = Release|Any CPU
		{794ABBBE-4E30-4AFA-AA37-0D6CEF2482BD}.Release|x86.Build.0 = Release|Any CPU
		{794ABBBE-4E30-4AFA-AA37-0D6CEF2482BD}.Test|Any CPU.ActiveCfg = Debug|Any CPU
		{794ABBBE-4E30-4AFA-AA37-0D6CEF2482BD}.Test|Any CPU.Build.0 = Debug|Any CPU
		{794ABBBE-4E30-4AFA-AA37-0D6CEF2482BD}.Test|x64.ActiveCfg = Debug|Any CPU
		{794ABBBE-4E30-4AFA-AA37-0D6CEF2482BD}.Test|x64.Build.0 = Debug|Any CPU
		{794ABBBE-4E30-4AFA-AA37-0D6CEF2482BD}.Test|x86.ActiveCfg = Debug|Any CPU
		{794ABBBE-4E30-4AFA-AA37-0D6CEF2482BD}.Test|x86.Build.0 = Debug|Any CPU
		{6462172C-C2F7-4339-A625-21A720F37062}.Debug|Any CPU.ActiveCfg = Debug|Any CPU
		{6462172C-C2F7-4339-A625-21A720F37062}.Debug|Any CPU.Build.0 = Debug|Any CPU
		{6462172C-C2F7-4339-A625-21A720F37062}.Debug|x64.ActiveCfg = Debug|Any CPU
		{6462172C-C2F7-4339-A625-21A720F37062}.Debug|x64.Build.0 = Debug|Any CPU
		{6462172C-C2F7-4339-A625-21A720F37062}.Debug|x86.ActiveCfg = Debug|Any CPU
		{6462172C-C2F7-4339-A625-21A720F37062}.Debug|x86.Build.0 = Debug|Any CPU
		{6462172C-C2F7-4339-A625-21A720F37062}.Release|Any CPU.ActiveCfg = Release|Any CPU
		{6462172C-C2F7-4339-A625-21A720F37062}.Release|Any CPU.Build.0 = Release|Any CPU
		{6462172C-C2F7-4339-A625-21A720F37062}.Release|x64.ActiveCfg = Release|Any CPU
		{6462172C-C2F7-4339-A625-21A720F37062}.Release|x64.Build.0 = Release|Any CPU
		{6462172C-C2F7-4339-A625-21A720F37062}.Release|x86.ActiveCfg = Release|Any CPU
		{6462172C-C2F7-4339-A625-21A720F37062}.Release|x86.Build.0 = Release|Any CPU
		{6462172C-C2F7-4339-A625-21A720F37062}.Test|Any CPU.ActiveCfg = Debug|Any CPU
		{6462172C-C2F7-4339-A625-21A720F37062}.Test|Any CPU.Build.0 = Debug|Any CPU
		{6462172C-C2F7-4339-A625-21A720F37062}.Test|x64.ActiveCfg = Debug|Any CPU
		{6462172C-C2F7-4339-A625-21A720F37062}.Test|x64.Build.0 = Debug|Any CPU
		{6462172C-C2F7-4339-A625-21A720F37062}.Test|x86.ActiveCfg = Debug|Any CPU
		{6462172C-C2F7-4339-A625-21A720F37062}.Test|x86.Build.0 = Debug|Any CPU
		{38132C17-BAA5-42B3-9CA2-FF67C1E91D6C}.Debug|Any CPU.ActiveCfg = Debug|Any CPU
		{38132C17-BAA5-42B3-9CA2-FF67C1E91D6C}.Debug|Any CPU.Build.0 = Debug|Any CPU
		{38132C17-BAA5-42B3-9CA2-FF67C1E91D6C}.Debug|x64.ActiveCfg = Debug|Any CPU
		{38132C17-BAA5-42B3-9CA2-FF67C1E91D6C}.Debug|x64.Build.0 = Debug|Any CPU
		{38132C17-BAA5-42B3-9CA2-FF67C1E91D6C}.Debug|x86.ActiveCfg = Debug|Any CPU
		{38132C17-BAA5-42B3-9CA2-FF67C1E91D6C}.Debug|x86.Build.0 = Debug|Any CPU
		{38132C17-BAA5-42B3-9CA2-FF67C1E91D6C}.Release|Any CPU.ActiveCfg = Release|Any CPU
		{38132C17-BAA5-42B3-9CA2-FF67C1E91D6C}.Release|Any CPU.Build.0 = Release|Any CPU
		{38132C17-BAA5-42B3-9CA2-FF67C1E91D6C}.Release|x64.ActiveCfg = Release|Any CPU
		{38132C17-BAA5-42B3-9CA2-FF67C1E91D6C}.Release|x64.Build.0 = Release|Any CPU
		{38132C17-BAA5-42B3-9CA2-FF67C1E91D6C}.Release|x86.ActiveCfg = Release|Any CPU
		{38132C17-BAA5-42B3-9CA2-FF67C1E91D6C}.Release|x86.Build.0 = Release|Any CPU
		{38132C17-BAA5-42B3-9CA2-FF67C1E91D6C}.Test|Any CPU.ActiveCfg = Debug|Any CPU
		{38132C17-BAA5-42B3-9CA2-FF67C1E91D6C}.Test|Any CPU.Build.0 = Debug|Any CPU
		{38132C17-BAA5-42B3-9CA2-FF67C1E91D6C}.Test|x64.ActiveCfg = Debug|Any CPU
		{38132C17-BAA5-42B3-9CA2-FF67C1E91D6C}.Test|x64.Build.0 = Debug|Any CPU
		{38132C17-BAA5-42B3-9CA2-FF67C1E91D6C}.Test|x86.ActiveCfg = Debug|Any CPU
		{38132C17-BAA5-42B3-9CA2-FF67C1E91D6C}.Test|x86.Build.0 = Debug|Any CPU
		{29407A3D-95C0-4AAF-AFD3-FCDAD0FCE74A}.Debug|Any CPU.ActiveCfg = Debug|Any CPU
		{29407A3D-95C0-4AAF-AFD3-FCDAD0FCE74A}.Debug|Any CPU.Build.0 = Debug|Any CPU
		{29407A3D-95C0-4AAF-AFD3-FCDAD0FCE74A}.Debug|x64.ActiveCfg = Debug|Any CPU
		{29407A3D-95C0-4AAF-AFD3-FCDAD0FCE74A}.Debug|x64.Build.0 = Debug|Any CPU
		{29407A3D-95C0-4AAF-AFD3-FCDAD0FCE74A}.Debug|x86.ActiveCfg = Debug|Any CPU
		{29407A3D-95C0-4AAF-AFD3-FCDAD0FCE74A}.Debug|x86.Build.0 = Debug|Any CPU
		{29407A3D-95C0-4AAF-AFD3-FCDAD0FCE74A}.Release|Any CPU.ActiveCfg = Release|Any CPU
		{29407A3D-95C0-4AAF-AFD3-FCDAD0FCE74A}.Release|Any CPU.Build.0 = Release|Any CPU
		{29407A3D-95C0-4AAF-AFD3-FCDAD0FCE74A}.Release|x64.ActiveCfg = Release|Any CPU
		{29407A3D-95C0-4AAF-AFD3-FCDAD0FCE74A}.Release|x64.Build.0 = Release|Any CPU
		{29407A3D-95C0-4AAF-AFD3-FCDAD0FCE74A}.Release|x86.ActiveCfg = Release|Any CPU
		{29407A3D-95C0-4AAF-AFD3-FCDAD0FCE74A}.Release|x86.Build.0 = Release|Any CPU
		{29407A3D-95C0-4AAF-AFD3-FCDAD0FCE74A}.Test|Any CPU.ActiveCfg = Debug|Any CPU
		{29407A3D-95C0-4AAF-AFD3-FCDAD0FCE74A}.Test|Any CPU.Build.0 = Debug|Any CPU
		{29407A3D-95C0-4AAF-AFD3-FCDAD0FCE74A}.Test|x64.ActiveCfg = Debug|Any CPU
		{29407A3D-95C0-4AAF-AFD3-FCDAD0FCE74A}.Test|x64.Build.0 = Debug|Any CPU
		{29407A3D-95C0-4AAF-AFD3-FCDAD0FCE74A}.Test|x86.ActiveCfg = Debug|Any CPU
		{29407A3D-95C0-4AAF-AFD3-FCDAD0FCE74A}.Test|x86.Build.0 = Debug|Any CPU
		{8684F320-5B96-4392-9D81-F8EDAB1567B6}.Debug|Any CPU.ActiveCfg = Debug|Any CPU
		{8684F320-5B96-4392-9D81-F8EDAB1567B6}.Debug|Any CPU.Build.0 = Debug|Any CPU
		{8684F320-5B96-4392-9D81-F8EDAB1567B6}.Debug|x64.ActiveCfg = Debug|Any CPU
		{8684F320-5B96-4392-9D81-F8EDAB1567B6}.Debug|x64.Build.0 = Debug|Any CPU
		{8684F320-5B96-4392-9D81-F8EDAB1567B6}.Debug|x86.ActiveCfg = Debug|Any CPU
		{8684F320-5B96-4392-9D81-F8EDAB1567B6}.Debug|x86.Build.0 = Debug|Any CPU
		{8684F320-5B96-4392-9D81-F8EDAB1567B6}.Release|Any CPU.ActiveCfg = Release|Any CPU
		{8684F320-5B96-4392-9D81-F8EDAB1567B6}.Release|Any CPU.Build.0 = Release|Any CPU
		{8684F320-5B96-4392-9D81-F8EDAB1567B6}.Release|x64.ActiveCfg = Release|Any CPU
		{8684F320-5B96-4392-9D81-F8EDAB1567B6}.Release|x64.Build.0 = Release|Any CPU
		{8684F320-5B96-4392-9D81-F8EDAB1567B6}.Release|x86.ActiveCfg = Release|Any CPU
		{8684F320-5B96-4392-9D81-F8EDAB1567B6}.Release|x86.Build.0 = Release|Any CPU
		{8684F320-5B96-4392-9D81-F8EDAB1567B6}.Test|Any CPU.ActiveCfg = Debug|Any CPU
		{8684F320-5B96-4392-9D81-F8EDAB1567B6}.Test|Any CPU.Build.0 = Debug|Any CPU
		{8684F320-5B96-4392-9D81-F8EDAB1567B6}.Test|x64.ActiveCfg = Debug|Any CPU
		{8684F320-5B96-4392-9D81-F8EDAB1567B6}.Test|x64.Build.0 = Debug|Any CPU
		{8684F320-5B96-4392-9D81-F8EDAB1567B6}.Test|x86.ActiveCfg = Debug|Any CPU
		{8684F320-5B96-4392-9D81-F8EDAB1567B6}.Test|x86.Build.0 = Debug|Any CPU
	EndGlobalSection
	GlobalSection(SolutionProperties) = preSolution
		HideSolutionNode = FALSE
	EndGlobalSection
	GlobalSection(NestedProjects) = preSolution
		{F7054FF1-C406-4D5E-92BB-B205071309F2} = {C6D6D87F-FD0A-437A-85FB-7B2700032D72}
		{9BC605A3-3EF0-4A3D-A491-D7EA9CDB447C} = {C8239D3C-E27F-47B7-8067-0AC452E2F2F0}
		{0D960B09-E841-4557-B88A-8E260969D34C} = {C8239D3C-E27F-47B7-8067-0AC452E2F2F0}
		{814092CD-9CD0-4FB7-91E8-D147F476F1FB} = {C6D6D87F-FD0A-437A-85FB-7B2700032D72}
		{1D815FBF-451C-4E23-939C-CB80172F445C} = {C6D6D87F-FD0A-437A-85FB-7B2700032D72}
		{6313DC35-40AB-4B24-81BB-2F742E2E915E} = {F7054FF1-C406-4D5E-92BB-B205071309F2}
		{232A67F2-CD89-4A20-8DA9-DAED76412B33} = {F7054FF1-C406-4D5E-92BB-B205071309F2}
		{54732C3D-B673-4BBF-B0C3-6432E3D6F522} = {C6D6D87F-FD0A-437A-85FB-7B2700032D72}
		{5AC215B9-85A1-42D6-A44E-1E1FC6BC7488} = {F7054FF1-C406-4D5E-92BB-B205071309F2}
		{F4948874-753F-41E0-BBD0-1AEEDEAA2A23} = {C8239D3C-E27F-47B7-8067-0AC452E2F2F0}
		{794ABBBE-4E30-4AFA-AA37-0D6CEF2482BD} = {AE2F5010-C47D-4A49-AC9F-FE44FFCA7E39}
		{6462172C-C2F7-4339-A625-21A720F37062} = {AE2F5010-C47D-4A49-AC9F-FE44FFCA7E39}
		{38132C17-BAA5-42B3-9CA2-FF67C1E91D6C} = {AD1372E6-997C-4DA6-9966-788802FA90DB}
		{29407A3D-95C0-4AAF-AFD3-FCDAD0FCE74A} = {AD1372E6-997C-4DA6-9966-788802FA90DB}
		{8684F320-5B96-4392-9D81-F8EDAB1567B6} = {AD1372E6-997C-4DA6-9966-788802FA90DB}
	EndGlobalSection
	GlobalSection(ExtensibilityGlobals) = postSolution
		SolutionGuid = {74E9DB21-2E73-496D-97EF-BA36B1BB0582}
	EndGlobalSection
EndGlobal
